
Microsoft Visual Studio Solution File, Format Version 12.00
# Visual Studio Version 17
VisualStudioVersion = 17.8.34330.188
MinimumVisualStudioVersion = 10.0.40219.1
Project("{FAE04EC0-301F-11D3-BF4B-00C04F79EFBC}") = "VideoGameExchangeFinal", "VideoGameExchangeFinal.csproj", "{BFCEBD1F-3C6C-4064-8FCD-929737A09E63}"
EndProject
Global
	GlobalSection(SolutionConfigurationPlatforms) = preSolution
		Debug|Any CPU = Debug|Any CPU
		Release|Any CPU = Release|Any CPU
	EndGlobalSection
	GlobalSection(ProjectConfigurationPlatforms) = postSolution
		{BFCEBD1F-3C6C-4064-8FCD-929737A09E63}.Debug|Any CPU.ActiveCfg = Debug|Any CPU
		{BFCEBD1F-3C6C-4064-8FCD-929737A09E63}.Debug|Any CPU.Build.0 = Debug|Any CPU
		{BFCEBD1F-3C6C-4064-8FCD-929737A09E63}.Release|Any CPU.ActiveCfg = Release|Any CPU
		{BFCEBD1F-3C6C-4064-8FCD-929737A09E63}.Release|Any CPU.Build.0 = Release|Any CPU
	EndGlobalSection
	GlobalSection(SolutionProperties) = preSolution
		HideSolutionNode = FALSE
	EndGlobalSection
	GlobalSection(ExtensibilityGlobals) = postSolution
		SolutionGuid = {B231CA17-0B98-472B-8B4C-C2C2907399AD}
	EndGlobalSection
EndGlobal
